
Microsoft Visual Studio Solution File, Format Version 12.00
# Visual Studio Version 16
VisualStudioVersion = 16.0.33529.622
MinimumVisualStudioVersion = 10.0.40219.1
Project("{FAE04EC0-301F-11D3-BF4B-00C04F79EFBC}") = "チーム開発5月7日～", "チーム開発5月7日～\チーム開発5月7日～.csproj", "{56C6C98C-2DE1-4FC8-9C5A-642CDC9C30A0}"
EndProject
Global
	GlobalSection(SolutionConfigurationPlatforms) = preSolution
		Debug|Any CPU = Debug|Any CPU
		Release|Any CPU = Release|Any CPU
	EndGlobalSection
	GlobalSection(ProjectConfigurationPlatforms) = postSolution
		{56C6C98C-2DE1-4FC8-9C5A-642CDC9C30A0}.Debug|Any CPU.ActiveCfg = Debug|Any CPU
		{56C6C98C-2DE1-4FC8-9C5A-642CDC9C30A0}.Debug|Any CPU.Build.0 = Debug|Any CPU
		{56C6C98C-2DE1-4FC8-9C5A-642CDC9C30A0}.Release|Any CPU.ActiveCfg = Release|Any CPU
		{56C6C98C-2DE1-4FC8-9C5A-642CDC9C30A0}.Release|Any CPU.Build.0 = Release|Any CPU
	EndGlobalSection
	GlobalSection(SolutionProperties) = preSolution
		HideSolutionNode = FALSE
	EndGlobalSection
	GlobalSection(ExtensibilityGlobals) = postSolution
		SolutionGuid = {E7C2F51D-F22B-409D-A9FD-B7EC36133D42}
	EndGlobalSection
EndGlobal
